
Microsoft Visual Studio Solution File, Format Version 12.00
# Visual Studio Version 16
VisualStudioVersion = 16.0.29123.88
MinimumVisualStudioVersion = 10.0.40219.1
Project("{FAE04EC0-301F-11D3-BF4B-00C04F79EFBC}") = "MicroBreweries", "MicroBreweries\MicroBreweries.csproj", "{3C68CE4F-5FC0-40EC-B603-72D15AA9FEAE}"
EndProject
Project("{FAE04EC0-301F-11D3-BF4B-00C04F79EFBC}") = "MicroBreweriesTests", "MicroBreweriesTests\MicroBreweriesTests.csproj", "{AD7CFF31-2311-4650-B760-56DC332CCA7E}"
EndProject
Global
	GlobalSection(SolutionConfigurationPlatforms) = preSolution
		Debug|Any CPU = Debug|Any CPU
		Release|Any CPU = Release|Any CPU
	EndGlobalSection
	GlobalSection(ProjectConfigurationPlatforms) = postSolution
		{3C68CE4F-5FC0-40EC-B603-72D15AA9FEAE}.Debug|Any CPU.ActiveCfg = Debug|Any CPU
		{3C68CE4F-5FC0-40EC-B603-72D15AA9FEAE}.Debug|Any CPU.Build.0 = Debug|Any CPU
		{3C68CE4F-5FC0-40EC-B603-72D15AA9FEAE}.Release|Any CPU.ActiveCfg = Release|Any CPU
		{3C68CE4F-5FC0-40EC-B603-72D15AA9FEAE}.Release|Any CPU.Build.0 = Release|Any CPU
		{AD7CFF31-2311-4650-B760-56DC332CCA7E}.Debug|Any CPU.ActiveCfg = Debug|Any CPU
		{AD7CFF31-2311-4650-B760-56DC332CCA7E}.Debug|Any CPU.Build.0 = Debug|Any CPU
		{AD7CFF31-2311-4650-B760-56DC332CCA7E}.Release|Any CPU.ActiveCfg = Release|Any CPU
		{AD7CFF31-2311-4650-B760-56DC332CCA7E}.Release|Any CPU.Build.0 = Release|Any CPU
	EndGlobalSection
	GlobalSection(SolutionProperties) = preSolution
		HideSolutionNode = FALSE
	EndGlobalSection
	GlobalSection(ExtensibilityGlobals) = postSolution
		SolutionGuid = {3BE31D5B-9034-4A05-AFB3-303274CD6213}
	EndGlobalSection
EndGlobal
